// !$*UTF8*$!
{
	archiveVersion = 1;
	classes = {
	};
	objectVersion = 50;
	objects = {

/* Begin PBXBuildFile section */
		1D92C86224933E3200C8E1E7 /* AppDelegate.swift in Sources */ = {isa = PBXBuildFile; fileRef = 1D92C86124933E3200C8E1E7 /* AppDelegate.swift */; };
		1D92C86424933E3200C8E1E7 /* SceneDelegate.swift in Sources */ = {isa = PBXBuildFile; fileRef = 1D92C86324933E3200C8E1E7 /* SceneDelegate.swift */; };
		1D92C86624933E3200C8E1E7 /* MasterViewController.swift in Sources */ = {isa = PBXBuildFile; fileRef = 1D92C86524933E3200C8E1E7 /* MasterViewController.swift */; };
		1D92C86824933E3200C8E1E7 /* DetailViewController.swift in Sources */ = {isa = PBXBuildFile; fileRef = 1D92C86724933E3200C8E1E7 /* DetailViewController.swift */; };
		1D92C86B24933E3200C8E1E7 /* Main.storyboard in Resources */ = {isa = PBXBuildFile; fileRef = 1D92C86924933E3200C8E1E7 /* Main.storyboard */; };
		1D92C86D24933E5000C8E1E7 /* Assets.xcassets in Resources */ = {isa = PBXBuildFile; fileRef = 1D92C86C24933E5000C8E1E7 /* Assets.xcassets */; };
		1D92C87024933E5000C8E1E7 /* LaunchScreen.storyboard in Resources */ = {isa = PBXBuildFile; fileRef = 1D92C86E24933E5000C8E1E7 /* LaunchScreen.storyboard */; };
		1D92C87B24933E5000C8E1E7 /* PhotoSaviorTests.swift in Sources */ = {isa = PBXBuildFile; fileRef = 1D92C87A24933E5000C8E1E7 /* PhotoSaviorTests.swift */; };
		1D92C88624933E5100C8E1E7 /* PhotoSaviorUITests.swift in Sources */ = {isa = PBXBuildFile; fileRef = 1D92C88524933E5100C8E1E7 /* PhotoSaviorUITests.swift */; };
/* End PBXBuildFile section */

/* Begin PBXContainerItemProxy section */
		1D92C87724933E5000C8E1E7 /* PBXContainerItemProxy */ = {
			isa = PBXContainerItemProxy;
			containerPortal = 1D92C85624933E3200C8E1E7 /* Project object */;
			proxyType = 1;
			remoteGlobalIDString = 1D92C85D24933E3200C8E1E7;
			remoteInfo = PhotoSavior;
		};
		1D92C88224933E5100C8E1E7 /* PBXContainerItemProxy */ = {
			isa = PBXContainerItemProxy;
			containerPortal = 1D92C85624933E3200C8E1E7 /* Project object */;
			proxyType = 1;
			remoteGlobalIDString = 1D92C85D24933E3200C8E1E7;
			remoteInfo = PhotoSavior;
		};
/* End PBXContainerItemProxy section */

/* Begin PBXFileReference section */
		1D92C85E24933E3200C8E1E7 /* PhotoSavior.app */ = {isa = PBXFileReference; explicitFileType = wrapper.application; includeInIndex = 0; path = PhotoSavior.app; sourceTree = BUILT_PRODUCTS_DIR; };
		1D92C86124933E3200C8E1E7 /* AppDelegate.swift */ = {isa = PBXFileReference; lastKnownFileType = sourcecode.swift; path = AppDelegate.swift; sourceTree = "<group>"; };
		1D92C86324933E3200C8E1E7 /* SceneDelegate.swift */ = {isa = PBXFileReference; lastKnownFileType = sourcecode.swift; path = SceneDelegate.swift; sourceTree = "<group>"; };
		1D92C86524933E3200C8E1E7 /* MasterViewController.swift */ = {isa = PBXFileReference; lastKnownFileType = sourcecode.swift; path = MasterViewController.swift; sourceTree = "<group>"; };
		1D92C86724933E3200C8E1E7 /* DetailViewController.swift */ = {isa = PBXFileReference; lastKnownFileType = sourcecode.swift; path = DetailViewController.swift; sourceTree = "<group>"; };
		1D92C86A24933E3200C8E1E7 /* Base */ = {isa = PBXFileReference; lastKnownFileType = file.storyboard; name = Base; path = Base.lproj/Main.storyboard; sourceTree = "<group>"; };
		1D92C86C24933E5000C8E1E7 /* Assets.xcassets */ = {isa = PBXFileReference; lastKnownFileType = folder.assetcatalog; path = Assets.xcassets; sourceTree = "<group>"; };
		1D92C86F24933E5000C8E1E7 /* Base */ = {isa = PBXFileReference; lastKnownFileType = file.storyboard; name = Base; path = Base.lproj/LaunchScreen.storyboard; sourceTree = "<group>"; };
		1D92C87124933E5000C8E1E7 /* Info.plist */ = {isa = PBXFileReference; lastKnownFileType = text.plist.xml; path = Info.plist; sourceTree = "<group>"; };
		1D92C87624933E5000C8E1E7 /* PhotoSaviorTests.xctest */ = {isa = PBXFileReference; explicitFileType = wrapper.cfbundle; includeInIndex = 0; path = PhotoSaviorTests.xctest; sourceTree = BUILT_PRODUCTS_DIR; };
		1D92C87A24933E5000C8E1E7 /* PhotoSaviorTests.swift */ = {isa = PBXFileReference; lastKnownFileType = sourcecode.swift; path = PhotoSaviorTests.swift; sourceTree = "<group>"; };
		1D92C87C24933E5100C8E1E7 /* Info.plist */ = {isa = PBXFileReference; lastKnownFileType = text.plist.xml; path = Info.plist; sourceTree = "<group>"; };
		1D92C88124933E5100C8E1E7 /* PhotoSaviorUITests.xctest */ = {isa = PBXFileReference; explicitFileType = wrapper.cfbundle; includeInIndex = 0; path = PhotoSaviorUITests.xctest; sourceTree = BUILT_PRODUCTS_DIR; };
		1D92C88524933E5100C8E1E7 /* PhotoSaviorUITests.swift */ = {isa = PBXFileReference; lastKnownFileType = sourcecode.swift; path = PhotoSaviorUITests.swift; sourceTree = "<group>"; };
		1D92C88724933E5100C8E1E7 /* Info.plist */ = {isa = PBXFileReference; lastKnownFileType = text.plist.xml; path = Info.plist; sourceTree = "<group>"; };
/* End PBXFileReference section */

/* Begin PBXFrameworksBuildPhase section */
		1D92C85B24933E3200C8E1E7 /* Frameworks */ = {
			isa = PBXFrameworksBuildPhase;
			buildActionMask = 2147483647;
			files = (
			);
			runOnlyForDeploymentPostprocessing = 0;
		};
		1D92C87324933E5000C8E1E7 /* Frameworks */ = {
			isa = PBXFrameworksBuildPhase;
			buildActionMask = 2147483647;
			files = (
			);
			runOnlyForDeploymentPostprocessing = 0;
		};
		1D92C87E24933E5100C8E1E7 /* Frameworks */ = {
			isa = PBXFrameworksBuildPhase;
			buildActionMask = 2147483647;
			files = (
			);
			runOnlyForDeploymentPostprocessing = 0;
		};
/* End PBXFrameworksBuildPhase section */

/* Begin PBXGroup section */
		1D92C85524933E3200C8E1E7 = {
			isa = PBXGroup;
			children = (
				1D92C86024933E3200C8E1E7 /* PhotoSavior */,
				1D92C87924933E5000C8E1E7 /* PhotoSaviorTests */,
				1D92C88424933E5100C8E1E7 /* PhotoSaviorUITests */,
				1D92C85F24933E3200C8E1E7 /* Products */,
			);
			sourceTree = "<group>";
		};
		1D92C85F24933E3200C8E1E7 /* Products */ = {
			isa = PBXGroup;
			children = (
				1D92C85E24933E3200C8E1E7 /* PhotoSavior.app */,
				1D92C87624933E5000C8E1E7 /* PhotoSaviorTests.xctest */,
				1D92C88124933E5100C8E1E7 /* PhotoSaviorUITests.xctest */,
			);
			name = Products;
			sourceTree = "<group>";
		};
		1D92C86024933E3200C8E1E7 /* PhotoSavior */ = {
			isa = PBXGroup;
			children = (
				1D92C86124933E3200C8E1E7 /* AppDelegate.swift */,
				1D92C86324933E3200C8E1E7 /* SceneDelegate.swift */,
				1D92C86524933E3200C8E1E7 /* MasterViewController.swift */,
				1D92C86724933E3200C8E1E7 /* DetailViewController.swift */,
				1D92C86924933E3200C8E1E7 /* Main.storyboard */,
				1D92C86C24933E5000C8E1E7 /* Assets.xcassets */,
				1D92C86E24933E5000C8E1E7 /* LaunchScreen.storyboard */,
				1D92C87124933E5000C8E1E7 /* Info.plist */,
			);
			path = PhotoSavior;
			sourceTree = "<group>";
		};
		1D92C87924933E5000C8E1E7 /* PhotoSaviorTests */ = {
			isa = PBXGroup;
			children = (
				1D92C87A24933E5000C8E1E7 /* PhotoSaviorTests.swift */,
				1D92C87C24933E5100C8E1E7 /* Info.plist */,
			);
			path = PhotoSaviorTests;
			sourceTree = "<group>";
		};
		1D92C88424933E5100C8E1E7 /* PhotoSaviorUITests */ = {
			isa = PBXGroup;
			children = (
				1D92C88524933E5100C8E1E7 /* PhotoSaviorUITests.swift */,
				1D92C88724933E5100C8E1E7 /* Info.plist */,
			);
			path = PhotoSaviorUITests;
			sourceTree = "<group>";
		};
/* End PBXGroup section */

/* Begin PBXNativeTarget section */
		1D92C85D24933E3200C8E1E7 /* PhotoSavior */ = {
			isa = PBXNativeTarget;
			buildConfigurationList = 1D92C88A24933E5100C8E1E7 /* Build configuration list for PBXNativeTarget "PhotoSavior" */;
			buildPhases = (
				1D92C85A24933E3200C8E1E7 /* Sources */,
				1D92C85B24933E3200C8E1E7 /* Frameworks */,
				1D92C85C24933E3200C8E1E7 /* Resources */,
			);
			buildRules = (
			);
			dependencies = (
			);
			name = PhotoSavior;
			productName = PhotoSavior;
			productReference = 1D92C85E24933E3200C8E1E7 /* PhotoSavior.app */;
			productType = "com.apple.product-type.application";
		};
		1D92C87524933E5000C8E1E7 /* PhotoSaviorTests */ = {
			isa = PBXNativeTarget;
			buildConfigurationList = 1D92C88D24933E5100C8E1E7 /* Build configuration list for PBXNativeTarget "PhotoSaviorTests" */;
			buildPhases = (
				1D92C87224933E5000C8E1E7 /* Sources */,
				1D92C87324933E5000C8E1E7 /* Frameworks */,
				1D92C87424933E5000C8E1E7 /* Resources */,
			);
			buildRules = (
			);
			dependencies = (
				1D92C87824933E5000C8E1E7 /* PBXTargetDependency */,
			);
			name = PhotoSaviorTests;
			productName = PhotoSaviorTests;
			productReference = 1D92C87624933E5000C8E1E7 /* PhotoSaviorTests.xctest */;
			productType = "com.apple.product-type.bundle.unit-test";
		};
		1D92C88024933E5100C8E1E7 /* PhotoSaviorUITests */ = {
			isa = PBXNativeTarget;
			buildConfigurationList = 1D92C89024933E5100C8E1E7 /* Build configuration list for PBXNativeTarget "PhotoSaviorUITests" */;
			buildPhases = (
				1D92C87D24933E5100C8E1E7 /* Sources */,
				1D92C87E24933E5100C8E1E7 /* Frameworks */,
				1D92C87F24933E5100C8E1E7 /* Resources */,
			);
			buildRules = (
			);
			dependencies = (
				1D92C88324933E5100C8E1E7 /* PBXTargetDependency */,
			);
			name = PhotoSaviorUITests;
			productName = PhotoSaviorUITests;
			productReference = 1D92C88124933E5100C8E1E7 /* PhotoSaviorUITests.xctest */;
			productType = "com.apple.product-type.bundle.ui-testing";
		};
/* End PBXNativeTarget section */

/* Begin PBXProject section */
		1D92C85624933E3200C8E1E7 /* Project object */ = {
			isa = PBXProject;
			attributes = {
				LastSwiftUpdateCheck = 1150;
				LastUpgradeCheck = 1150;
				ORGANIZATIONNAME = "";
				TargetAttributes = {
					1D92C85D24933E3200C8E1E7 = {
						CreatedOnToolsVersion = 11.5;
					};
					1D92C87524933E5000C8E1E7 = {
						CreatedOnToolsVersion = 11.5;
						TestTargetID = 1D92C85D24933E3200C8E1E7;
					};
					1D92C88024933E5100C8E1E7 = {
						CreatedOnToolsVersion = 11.5;
						TestTargetID = 1D92C85D24933E3200C8E1E7;
					};
				};
			};
			buildConfigurationList = 1D92C85924933E3200C8E1E7 /* Build configuration list for PBXProject "PhotoSavior" */;
			compatibilityVersion = "Xcode 9.3";
			developmentRegion = en;
			hasScannedForEncodings = 0;
			knownRegions = (
				en,
				Base,
			);
			mainGroup = 1D92C85524933E3200C8E1E7;
			productRefGroup = 1D92C85F24933E3200C8E1E7 /* Products */;
			projectDirPath = "";
			projectRoot = "";
			targets = (
				1D92C85D24933E3200C8E1E7 /* PhotoSavior */,
				1D92C87524933E5000C8E1E7 /* PhotoSaviorTests */,
				1D92C88024933E5100C8E1E7 /* PhotoSaviorUITests */,
			);
		};
/* End PBXProject section */

/* Begin PBXResourcesBuildPhase section */
		1D92C85C24933E3200C8E1E7 /* Resources */ = {
			isa = PBXResourcesBuildPhase;
			buildActionMask = 2147483647;
			files = (
				1D92C87024933E5000C8E1E7 /* LaunchScreen.storyboard in Resources */,
				1D92C86D24933E5000C8E1E7 /* Assets.xcassets in Resources */,
				1D92C86B24933E3200C8E1E7 /* Main.storyboard in Resources */,
			);
			runOnlyForDeploymentPostprocessing = 0;
		};
		1D92C87424933E5000C8E1E7 /* Resources */ = {
			isa = PBXResourcesBuildPhase;
			buildActionMask = 2147483647;
			files = (
			);
			runOnlyForDeploymentPostprocessing = 0;
		};
		1D92C87F24933E5100C8E1E7 /* Resources */ = {
			isa = PBXResourcesBuildPhase;
			buildActionMask = 2147483647;
			files = (
			);
			runOnlyForDeploymentPostprocessing = 0;
		};
/* End PBXResourcesBuildPhase section */

/* Begin PBXSourcesBuildPhase section */
		1D92C85A24933E3200C8E1E7 /* Sources */ = {
			isa = PBXSourcesBuildPhase;
			buildActionMask = 2147483647;
			files = (
				1D92C86224933E3200C8E1E7 /* AppDelegate.swift in Sources */,
				1D92C86424933E3200C8E1E7 /* SceneDelegate.swift in Sources */,
				1D92C86624933E3200C8E1E7 /* MasterViewController.swift in Sources */,
				1D92C86824933E3200C8E1E7 /* DetailViewController.swift in Sources */,
			);
			runOnlyForDeploymentPostprocessing = 0;
		};
		1D92C87224933E5000C8E1E7 /* Sources */ = {
			isa = PBXSourcesBuildPhase;
			buildActionMask = 2147483647;
			files = (
				1D92C87B24933E5000C8E1E7 /* PhotoSaviorTests.swift in Sources */,
			);
			runOnlyForDeploymentPostprocessing = 0;
		};
		1D92C87D24933E5100C8E1E7 /* Sources */ = {
			isa = PBXSourcesBuildPhase;
			buildActionMask = 2147483647;
			files = (
				1D92C88624933E5100C8E1E7 /* PhotoSaviorUITests.swift in Sources */,
			);
			runOnlyForDeploymentPostprocessing = 0;
		};
/* End PBXSourcesBuildPhase section */

/* Begin PBXTargetDependency section */
		1D92C87824933E5000C8E1E7 /* PBXTargetDependency */ = {
			isa = PBXTargetDependency;
			target = 1D92C85D24933E3200C8E1E7 /* PhotoSavior */;
			targetProxy = 1D92C87724933E5000C8E1E7 /* PBXContainerItemProxy */;
		};
		1D92C88324933E5100C8E1E7 /* PBXTargetDependency */ = {
			isa = PBXTargetDependency;
			target = 1D92C85D24933E3200C8E1E7 /* PhotoSavior */;
			targetProxy = 1D92C88224933E5100C8E1E7 /* PBXContainerItemProxy */;
		};
/* End PBXTargetDependency section */

/* Begin PBXVariantGroup section */
		1D92C86924933E3200C8E1E7 /* Main.storyboard */ = {
			isa = PBXVariantGroup;
			children = (
				1D92C86A24933E3200C8E1E7 /* Base */,
			);
			name = Main.storyboard;
			sourceTree = "<group>";
		};
		1D92C86E24933E5000C8E1E7 /* LaunchScreen.storyboard */ = {
			isa = PBXVariantGroup;
			children = (
				1D92C86F24933E5000C8E1E7 /* Base */,
			);
			name = LaunchScreen.storyboard;
			sourceTree = "<group>";
		};
/* End PBXVariantGroup section */

/* Begin XCBuildConfiguration section */
		1D92C88824933E5100C8E1E7 /* Debug */ = {
			isa = XCBuildConfiguration;
			buildSettings = {
				ALWAYS_SEARCH_USER_PATHS = NO;
				CLANG_ANALYZER_NONNULL = YES;
				CLANG_ANALYZER_NUMBER_OBJECT_CONVERSION = YES_AGGRESSIVE;
				CLANG_CXX_LANGUAGE_STANDARD = "gnu++14";
				CLANG_CXX_LIBRARY = "libc++";
				CLANG_ENABLE_MODULES = YES;
				CLANG_ENABLE_OBJC_ARC = YES;
				CLANG_ENABLE_OBJC_WEAK = YES;
				CLANG_WARN_BLOCK_CAPTURE_AUTORELEASING = YES;
				CLANG_WARN_BOOL_CONVERSION = YES;
				CLANG_WARN_COMMA = YES;
				CLANG_WARN_CONSTANT_CONVERSION = YES;
				CLANG_WARN_DEPRECATED_OBJC_IMPLEMENTATIONS = YES;
				CLANG_WARN_DIRECT_OBJC_ISA_USAGE = YES_ERROR;
				CLANG_WARN_DOCUMENTATION_COMMENTS = YES;
				CLANG_WARN_EMPTY_BODY = YES;
				CLANG_WARN_ENUM_CONVERSION = YES;
				CLANG_WARN_INFINITE_RECURSION = YES;
				CLANG_WARN_INT_CONVERSION = YES;
				CLANG_WARN_NON_LITERAL_NULL_CONVERSION = YES;
				CLANG_WARN_OBJC_IMPLICIT_RETAIN_SELF = YES;
				CLANG_WARN_OBJC_LITERAL_CONVERSION = YES;
				CLANG_WARN_OBJC_ROOT_CLASS = YES_ERROR;
				CLANG_WARN_RANGE_LOOP_ANALYSIS = YES;
				CLANG_WARN_STRICT_PROTOTYPES = YES;
				CLANG_WARN_SUSPICIOUS_MOVE = YES;
				CLANG_WARN_UNGUARDED_AVAILABILITY = YES_AGGRESSIVE;
				CLANG_WARN_UNREACHABLE_CODE = YES;
				CLANG_WARN__DUPLICATE_METHOD_MATCH = YES;
				COPY_PHASE_STRIP = NO;
				DEBUG_INFORMATION_FORMAT = dwarf;
				ENABLE_STRICT_OBJC_MSGSEND = YES;
				ENABLE_TESTABILITY = YES;
				GCC_C_LANGUAGE_STANDARD = gnu11;
				GCC_DYNAMIC_NO_PIC = NO;
				GCC_NO_COMMON_BLOCKS = YES;
				GCC_OPTIMIZATION_LEVEL = 0;
				GCC_PREPROCESSOR_DEFINITIONS = (
					"DEBUG=1",
					"$(inherited)",
				);
				GCC_WARN_64_TO_32_BIT_CONVERSION = YES;
				GCC_WARN_ABOUT_RETURN_TYPE = YES_ERROR;
				GCC_WARN_UNDECLARED_SELECTOR = YES;
				GCC_WARN_UNINITIALIZED_AUTOS = YES_AGGRESSIVE;
				GCC_WARN_UNUSED_FUNCTION = YES;
				GCC_WARN_UNUSED_VARIABLE = YES;
				IPHONEOS_DEPLOYMENT_TARGET = 13.5;
				MTL_ENABLE_DEBUG_INFO = INCLUDE_SOURCE;
				MTL_FAST_MATH = YES;
				ONLY_ACTIVE_ARCH = YES;
				SDKROOT = iphoneos;
				SWIFT_ACTIVE_COMPILATION_CONDITIONS = DEBUG;
				SWIFT_OPTIMIZATION_LEVEL = "-Onone";
			};
			name = Debug;
		};
		1D92C88924933E5100C8E1E7 /* Release */ = {
			isa = XCBuildConfiguration;
			buildSettings = {
				ALWAYS_SEARCH_USER_PATHS = NO;
				CLANG_ANALYZER_NONNULL = YES;
				CLANG_ANALYZER_NUMBER_OBJECT_CONVERSION = YES_AGGRESSIVE;
				CLANG_CXX_LANGUAGE_STANDARD = "gnu++14";
				CLANG_CXX_LIBRARY = "libc++";
				CLANG_ENABLE_MODULES = YES;
				CLANG_ENABLE_OBJC_ARC = YES;
				CLANG_ENABLE_OBJC_WEAK = YES;
				CLANG_WARN_BLOCK_CAPTURE_AUTORELEASING = YES;
				CLANG_WARN_BOOL_CONVERSION = YES;
				CLANG_WARN_COMMA = YES;
				CLANG_WARN_CONSTANT_CONVERSION = YES;
				CLANG_WARN_DEPRECATED_OBJC_IMPLEMENTATIONS = YES;
				CLANG_WARN_DIRECT_OBJC_ISA_USAGE = YES_ERROR;
				CLANG_WARN_DOCUMENTATION_COMMENTS = YES;
				CLANG_WARN_EMPTY_BODY = YES;
				CLANG_WARN_ENUM_CONVERSION = YES;
				CLANG_WARN_INFINITE_RECURSION = YES;
				CLANG_WARN_INT_CONVERSION = YES;
				CLANG_WARN_NON_LITERAL_NULL_CONVERSION = YES;
				CLANG_WARN_OBJC_IMPLICIT_RETAIN_SELF = YES;
				CLANG_WARN_OBJC_LITERAL_CONVERSION = YES;
				CLANG_WARN_OBJC_ROOT_CLASS = YES_ERROR;
				CLANG_WARN_RANGE_LOOP_ANALYSIS = YES;
				CLANG_WARN_STRICT_PROTOTYPES = YES;
				CLANG_WARN_SUSPICIOUS_MOVE = YES;
				CLANG_WARN_UNGUARDED_AVAILABILITY = YES_AGGRESSIVE;
				CLANG_WARN_UNREACHABLE_CODE = YES;
				CLANG_WARN__DUPLICATE_METHOD_MATCH = YES;
				COPY_PHASE_STRIP = NO;
				DEBUG_INFORMATION_FORMAT = "dwarf-with-dsym";
				ENABLE_NS_ASSERTIONS = NO;
				ENABLE_STRICT_OBJC_MSGSEND = YES;
				GCC_C_LANGUAGE_STANDARD = gnu11;
				GCC_NO_COMMON_BLOCKS = YES;
				GCC_WARN_64_TO_32_BIT_CONVERSION = YES;
				GCC_WARN_ABOUT_RETURN_TYPE = YES_ERROR;
				GCC_WARN_UNDECLARED_SELECTOR = YES;
				GCC_WARN_UNINITIALIZED_AUTOS = YES_AGGRESSIVE;
				GCC_WARN_UNUSED_FUNCTION = YES;
				GCC_WARN_UNUSED_VARIABLE = YES;
				IPHONEOS_DEPLOYMENT_TARGET = 13.5;
				MTL_ENABLE_DEBUG_INFO = NO;
				MTL_FAST_MATH = YES;
				SDKROOT = iphoneos;
				SWIFT_COMPILATION_MODE = wholemodule;
				SWIFT_OPTIMIZATION_LEVEL = "-O";
				VALIDATE_PRODUCT = YES;
			};
			name = Release;
		};
		1D92C88B24933E5100C8E1E7 /* Debug */ = {
			isa = XCBuildConfiguration;
			buildSettings = {
				ASSETCATALOG_COMPILER_APPICON_NAME = AppIcon;
				CODE_SIGN_STYLE = Automatic;
				DEVELOPMENT_TEAM = 67DFAM4Q32;
				INFOPLIST_FILE = PhotoSavior/Info.plist;
				IPHONEOS_DEPLOYMENT_TARGET = 9.3;
				LD_RUNPATH_SEARCH_PATHS = (
					"$(inherited)",
					"@executable_path/Frameworks",
				);
				PRODUCT_BUNDLE_IDENTIFIER = com.goodboy.PhotoSavior;
				PRODUCT_NAME = "$(TARGET_NAME)";
				SWIFT_VERSION = 5.0;
				TARGETED_DEVICE_FAMILY = "1,2";
			};
			name = Debug;
		};
		1D92C88C24933E5100C8E1E7 /* Release */ = {
			isa = XCBuildConfiguration;
			buildSettings = {
				ASSETCATALOG_COMPILER_APPICON_NAME = AppIcon;
				CODE_SIGN_STYLE = Automatic;
				DEVELOPMENT_TEAM = 67DFAM4Q32;
				INFOPLIST_FILE = PhotoSavior/Info.plist;
				IPHONEOS_DEPLOYMENT_TARGET = 9.3;
				LD_RUNPATH_SEARCH_PATHS = (
					"$(inherited)",
					"@executable_path/Frameworks",
				);
				PRODUCT_BUNDLE_IDENTIFIER = com.goodboy.PhotoSavior;
				PRODUCT_NAME = "$(TARGET_NAME)";
				SWIFT_VERSION = 5.0;
				TARGETED_DEVICE_FAMILY = "1,2";
			};
			name = Release;
		};
		1D92C88E24933E5100C8E1E7 /* Debug */ = {
			isa = XCBuildConfiguration;
			buildSettings = {
				ALWAYS_EMBED_SWIFT_STANDARD_LIBRARIES = YES;
				BUNDLE_LOADER = "$(TEST_HOST)";
				CODE_SIGN_STYLE = Automatic;
				DEVELOPMENT_TEAM = 67DFAM4Q32;
				INFOPLIST_FILE = PhotoSaviorTests/Info.plist;
				IPHONEOS_DEPLOYMENT_TARGET = 13.5;
				LD_RUNPATH_SEARCH_PATHS = (
					"$(inherited)",
					"@executable_path/Frameworks",
					"@loader_path/Frameworks",
				);
				PRODUCT_BUNDLE_IDENTIFIER = com.goodboy.PhotoSaviorTests;
				PRODUCT_NAME = "$(TARGET_NAME)";
				SWIFT_VERSION = 5.0;
				TARGETED_DEVICE_FAMILY = "1,2";
				TEST_HOST = "$(BUILT_PRODUCTS_DIR)/PhotoSavior.app/PhotoSavior";
			};
			name = Debug;
		};
		1D92C88F24933E5100C8E1E7 /* Release */ = {
			isa = XCBuildConfiguration;
			buildSettings = {
				ALWAYS_EMBED_SWIFT_STANDARD_LIBRARIES = YES;
				BUNDLE_LOADER = "$(TEST_HOST)";
				CODE_SIGN_STYLE = Automatic;
				DEVELOPMENT_TEAM = 67DFAM4Q32;
				INFOPLIST_FILE = PhotoSaviorTests/Info.plist;
				IPHONEOS_DEPLOYMENT_TARGET = 13.5;
				LD_RUNPATH_SEARCH_PATHS = (
					"$(inherited)",
					"@executable_path/Frameworks",
					"@loader_path/Frameworks",
				);
				PRODUCT_BUNDLE_IDENTIFIER = com.goodboy.PhotoSaviorTests;
				PRODUCT_NAME = "$(TARGET_NAME)";
				SWIFT_VERSION = 5.0;
				TARGETED_DEVICE_FAMILY = "1,2";
				TEST_HOST = "$(BUILT_PRODUCTS_DIR)/PhotoSavior.app/PhotoSavior";
			};
			name = Release;
		};
		1D92C89124933E5100C8E1E7 /* Debug */ = {
			isa = XCBuildConfiguration;
			buildSettings = {
				ALWAYS_EMBED_SWIFT_STANDARD_LIBRARIES = YES;
				CODE_SIGN_STYLE = Automatic;
				DEVELOPMENT_TEAM = 67DFAM4Q32;
				INFOPLIST_FILE = PhotoSaviorUITests/Info.plist;
				LD_RUNPATH_SEARCH_PATHS = (
					"$(inherited)",
					"@executable_path/Frameworks",
					"@loader_path/Frameworks",
				);
				PRODUCT_BUNDLE_IDENTIFIER = com.goodboy.PhotoSaviorUITests;
				PRODUCT_NAME = "$(TARGET_NAME)";
				SWIFT_VERSION = 5.0;
				TARGETED_DEVICE_FAMILY = "1,2";
				TEST_TARGET_NAME = PhotoSavior;
			};
			name = Debug;
		};
		1D92C89224933E5100C8E1E7 /* Release */ = {
			isa = XCBuildConfiguration;
			buildSettings = {
				ALWAYS_EMBED_SWIFT_STANDARD_LIBRARIES = YES;
				CODE_SIGN_STYLE = Automatic;
				DEVELOPMENT_TEAM = 67DFAM4Q32;
				INFOPLIST_FILE = PhotoSaviorUITests/Info.plist;
				LD_RUNPATH_SEARCH_PATHS = (
					"$(inherited)",
					"@executable_path/Frameworks",
					"@loader_path/Frameworks",
				);
				PRODUCT_BUNDLE_IDENTIFIER = com.goodboy.PhotoSaviorUITests;
				PRODUCT_NAME = "$(TARGET_NAME)";
				SWIFT_VERSION = 5.0;
				TARGETED_DEVICE_FAMILY = "1,2";
				TEST_TARGET_NAME = PhotoSavior;
			};
			name = Release;
		};
/* End XCBuildConfiguration section */

/* Begin XCConfigurationList section */
		1D92C85924933E3200C8E1E7 /* Build configuration list for PBXProject "PhotoSavior" */ = {
			isa = XCConfigurationList;
			buildConfigurations = (
				1D92C88824933E5100C8E1E7 /* Debug */,
				1D92C88924933E5100C8E1E7 /* Release */,
			);
			defaultConfigurationIsVisible = 0;
			defaultConfigurationName = Release;
		};
		1D92C88A24933E5100C8E1E7 /* Build configuration list for PBXNativeTarget "PhotoSavior" */ = {
			isa = XCConfigurationList;
			buildConfigurations = (
				1D92C88B24933E5100C8E1E7 /* Debug */,
				1D92C88C24933E5100C8E1E7 /* Release */,
			);
			defaultConfigurationIsVisible = 0;
			defaultConfigurationName = Release;
		};
		1D92C88D24933E5100C8E1E7 /* Build configuration list for PBXNativeTarget "PhotoSaviorTests" */ = {
			isa = XCConfigurationList;
			buildConfigurations = (
				1D92C88E24933E5100C8E1E7 /* Debug */,
				1D92C88F24933E5100C8E1E7 /* Release */,
			);
			defaultConfigurationIsVisible = 0;
			defaultConfigurationName = Release;
		};
		1D92C89024933E5100C8E1E7 /* Build configuration list for PBXNativeTarget "PhotoSaviorUITests" */ = {
			isa = XCConfigurationList;
			buildConfigurations = (
				1D92C89124933E5100C8E1E7 /* Debug */,
				1D92C89224933E5100C8E1E7 /* Release */,
			);
			defaultConfigurationIsVisible = 0;
			defaultConfigurationName = Release;
		};
/* End XCConfigurationList section */
	};
	rootObject = 1D92C85624933E3200C8E1E7 /* Project object */;
}
